{
  "name": "sam-test",
  "version": "1.0.0",
  "lockfileVersion": 3,
  "requires": true,
  "packages": {
    "": {
      "name": "sam-test",
      "version": "1.0.0",
      "license": "ISC",
      "dependencies": {
        "@aws-sdk/client-dynamodb": "^3.398.0"
      }
    },
    "node_modules/@aws-crypto/crc32": {
      "version": "3.0.0",
      "license": "Apache-2.0",
      "dependencies": {
        "@aws-crypto/util": "^3.0.0",
        "@aws-sdk/types": "^3.222.0",
        "tslib": "^1.11.1"
      }
    },
    "node_modules/@aws-crypto/crc32/node_modules/tslib": {
      "version": "1.14.1",
      "license": "0BSD"
    },
    "node_modules/@aws-crypto/ie11-detection": {
      "version": "3.0.0",
      "license": "Apache-2.0",
      "dependencies": {
        "tslib": "^1.11.1"
      }
    },
    "node_modules/@aws-crypto/ie11-detection/node_modules/tslib": {
      "version": "1.14.1",
      "license": "0BSD"
    },
    "node_modules/@aws-crypto/sha256-browser": {
      "version": "3.0.0",
      "license": "Apache-2.0",
      "dependencies": {
        "@aws-crypto/ie11-detection": "^3.0.0",
        "@aws-crypto/sha256-js": "^3.0.0",
        "@aws-crypto/supports-web-crypto": "^3.0.0",
        "@aws-crypto/util": "^3.0.0",
        "@aws-sdk/types": "^3.222.0",
        "@aws-sdk/util-locate-window": "^3.0.0",
        "@aws-sdk/util-utf8-browser": "^3.0.0",
        "tslib": "^1.11.1"
      }
    },
    "node_modules/@aws-crypto/sha256-browser/node_modules/tslib": {
      "version": "1.14.1",
      "license": "0BSD"
    },
    "node_modules/@aws-crypto/sha256-js": {
      "version": "3.0.0",
      "license": "Apache-2.0",
      "dependencies": {
        "@aws-crypto/util": "^3.0.0",
        "@aws-sdk/types": "^3.222.0",
        "tslib": "^1.11.1"
      }
    },
    "node_modules/@aws-crypto/sha256-js/node_modules/tslib": {
      "version": "1.14.1",
      "license": "0BSD"
    },
    "node_modules/@aws-crypto/supports-web-crypto": {
      "version": "3.0.0",
      "license": "Apache-2.0",
      "dependencies": {
        "tslib": "^1.11.1"
      }
    },
    "node_modules/@aws-crypto/supports-web-crypto/node_modules/tslib": {
      "version": "1.14.1",
      "license": "0BSD"
    },
    "node_modules/@aws-crypto/util": {
      "version": "3.0.0",
      "license": "Apache-2.0",
      "dependencies": {
        "@aws-sdk/types": "^3.222.0",
        "@aws-sdk/util-utf8-browser": "^3.0.0",
        "tslib": "^1.11.1"
      }
    },
    "node_modules/@aws-crypto/util/node_modules/tslib": {
      "version": "1.14.1",
      "license": "0BSD"
    },
    "node_modules/@aws-sdk/client-dynamodb": {
      "version": "3.398.0",
      "resolved": "https://registry.npmjs.org/@aws-sdk/client-dynamodb/-/client-dynamodb-3.398.0.tgz",
      "integrity": "sha512-INYklo7u16T0Gia983MqfLdx4feZ96xqowH23+1XSYe4VSersCSfdBM+yeChQ5naTCW0GqFybC9+BytZX5/klw==",
      "dependencies": {
        "@aws-crypto/sha256-browser": "3.0.0",
        "@aws-crypto/sha256-js": "3.0.0",
        "@aws-sdk/client-sts": "3.398.0",
        "@aws-sdk/credential-provider-node": "3.398.0",
        "@aws-sdk/middleware-endpoint-discovery": "3.398.0",
        "@aws-sdk/middleware-host-header": "3.398.0",
        "@aws-sdk/middleware-logger": "3.398.0",
        "@aws-sdk/middleware-recursion-detection": "3.398.0",
        "@aws-sdk/middleware-signing": "3.398.0",
        "@aws-sdk/middleware-user-agent": "3.398.0",
        "@aws-sdk/types": "3.398.0",
        "@aws-sdk/util-endpoints": "3.398.0",
        "@aws-sdk/util-user-agent-browser": "3.398.0",
        "@aws-sdk/util-user-agent-node": "3.398.0",
        "@smithy/config-resolver": "^2.0.5",
        "@smithy/fetch-http-handler": "^2.0.5",
        "@smithy/hash-node": "^2.0.5",
        "@smithy/invalid-dependency": "^2.0.5",
        "@smithy/middleware-content-length": "^2.0.5",
        "@smithy/middleware-endpoint": "^2.0.5",
        "@smithy/middleware-retry": "^2.0.5",
        "@smithy/middleware-serde": "^2.0.5",
        "@smithy/middleware-stack": "^2.0.0",
        "@smithy/node-config-provider": "^2.0.5",
        "@smithy/node-http-handler": "^2.0.5",
        "@smithy/protocol-http": "^2.0.5",
        "@smithy/smithy-client": "^2.0.5",
        "@smithy/types": "^2.2.2",
        "@smithy/url-parser": "^2.0.5",
        "@smithy/util-base64": "^2.0.0",
        "@smithy/util-body-length-browser": "^2.0.0",
        "@smithy/util-body-length-node": "^2.1.0",
        "@smithy/util-defaults-mode-browser": "^2.0.5",
        "@smithy/util-defaults-mode-node": "^2.0.5",
        "@smithy/util-retry": "^2.0.0",
        "@smithy/util-utf8": "^2.0.0",
        "@smithy/util-waiter": "^2.0.5",
        "tslib": "^2.5.0",
        "uuid": "^8.3.2"
      },
      "engines": {
        "node": ">=14.0.0"
      }
    },
    "node_modules/@aws-sdk/client-dynamodb/node_modules/@aws-sdk/middleware-recursion-detection": {
      "version": "3.398.0",
      "resolved": "https://registry.npmjs.org/@aws-sdk/middleware-recursion-detection/-/middleware-recursion-detection-3.398.0.tgz",
      "integrity": "sha512-7QpOqPQAZNXDXv6vsRex4R8dLniL0E/80OPK4PPFsrCh9btEyhN9Begh4i1T+5lL28hmYkztLOkTQ2N5J3hgRQ==",
      "dependencies": {
        "@aws-sdk/types": "3.398.0",
        "@smithy/protocol-http": "^2.0.5",
        "@smithy/types": "^2.2.2",
        "tslib": "^2.5.0"
      },
      "engines": {
        "node": ">=14.0.0"
      }
    },
    "node_modules/@aws-sdk/client-dynamodb/node_modules/@aws-sdk/util-endpoints": {
      "version": "3.398.0",
      "resolved": "https://registry.npmjs.org/@aws-sdk/util-endpoints/-/util-endpoints-3.398.0.tgz",
      "integrity": "sha512-Fy0gLYAei/Rd6BrXG4baspCnWTUSd0NdokU1pZh4KlfEAEN1i8SPPgfiO5hLk7+2inqtCmqxVJlfqbMVe9k4bw==",
      "dependencies": {
        "@aws-sdk/types": "3.398.0",
        "tslib": "^2.5.0"
      },
      "engines": {
        "node": ">=14.0.0"
      }
    },
    "node_modules/@aws-sdk/client-dynamodb/node_modules/@smithy/config-resolver": {
      "version": "2.0.5",
      "resolved": "https://registry.npmjs.org/@smithy/config-resolver/-/config-resolver-2.0.5.tgz",
      "integrity": "sha512-n0c2AXz+kjALY2FQr7Zy9zhYigXzboIh1AuUUVCqFBKFtdEvTwnwPXrTDoEehLiRTUHNL+4yzZ3s+D0kKYSLSg==",
      "dependencies": {
        "@smithy/types": "^2.2.2",
        "@smithy/util-config-provider": "^2.0.0",
        "@smithy/util-middleware": "^2.0.0",
        "tslib": "^2.5.0"
      },
      "engines": {
        "node": ">=14.0.0"
      }
    },
    "node_modules/@aws-sdk/client-sso": {
      "version": "3.398.0",
      "license": "Apache-2.0",
      "dependencies": {
        "@aws-crypto/sha256-browser": "3.0.0",
        "@aws-crypto/sha256-js": "3.0.0",
        "@aws-sdk/middleware-host-header": "3.398.0",
        "@aws-sdk/middleware-logger": "3.398.0",
        "@aws-sdk/middleware-recursion-detection": "3.398.0",
        "@aws-sdk/middleware-user-agent": "3.398.0",
        "@aws-sdk/types": "3.398.0",
        "@aws-sdk/util-endpoints": "3.398.0",
        "@aws-sdk/util-user-agent-browser": "3.398.0",
        "@aws-sdk/util-user-agent-node": "3.398.0",
        "@smithy/config-resolver": "^2.0.5",
        "@smithy/fetch-http-handler": "^2.0.5",
        "@smithy/hash-node": "^2.0.5",
        "@smithy/invalid-dependency": "^2.0.5",
        "@smithy/middleware-content-length": "^2.0.5",
        "@smithy/middleware-endpoint": "^2.0.5",
        "@smithy/middleware-retry": "^2.0.5",
        "@smithy/middleware-serde": "^2.0.5",
        "@smithy/middleware-stack": "^2.0.0",
        "@smithy/node-config-provider": "^2.0.5",
        "@smithy/node-http-handler": "^2.0.5",
        "@smithy/protocol-http": "^2.0.5",
        "@smithy/smithy-client": "^2.0.5",
        "@smithy/types": "^2.2.2",
        "@smithy/url-parser": "^2.0.5",
        "@smithy/util-base64": "^2.0.0",
        "@smithy/util-body-length-browser": "^2.0.0",
        "@smithy/util-body-length-node": "^2.1.0",
        "@smithy/util-defaults-mode-browser": "^2.0.5",
        "@smithy/util-defaults-mode-node": "^2.0.5",
        "@smithy/util-retry": "^2.0.0",
        "@smithy/util-utf8": "^2.0.0",
        "tslib": "^2.5.0"
      },
      "engines": {
        "node": ">=14.0.0"
      }
    },
    "node_modules/@aws-sdk/client-sts": {
      "version": "3.398.0",
      "license": "Apache-2.0",
      "dependencies": {
        "@aws-crypto/sha256-browser": "3.0.0",
        "@aws-crypto/sha256-js": "3.0.0",
        "@aws-sdk/credential-provider-node": "3.398.0",
        "@aws-sdk/middleware-host-header": "3.398.0",
        "@aws-sdk/middleware-logger": "3.398.0",
        "@aws-sdk/middleware-recursion-detection": "3.398.0",
        "@aws-sdk/middleware-sdk-sts": "3.398.0",
        "@aws-sdk/middleware-signing": "3.398.0",
        "@aws-sdk/middleware-user-agent": "3.398.0",
        "@aws-sdk/types": "3.398.0",
        "@aws-sdk/util-endpoints": "3.398.0",
        "@aws-sdk/util-user-agent-browser": "3.398.0",
        "@aws-sdk/util-user-agent-node": "3.398.0",
        "@smithy/config-resolver": "^2.0.5",
        "@smithy/fetch-http-handler": "^2.0.5",
        "@smithy/hash-node": "^2.0.5",
        "@smithy/invalid-dependency": "^2.0.5",
        "@smithy/middleware-content-length": "^2.0.5",
        "@smithy/middleware-endpoint": "^2.0.5",
        "@smithy/middleware-retry": "^2.0.5",
        "@smithy/middleware-serde": "^2.0.5",
        "@smithy/middleware-stack": "^2.0.0",
        "@smithy/node-config-provider": "^2.0.5",
        "@smithy/node-http-handler": "^2.0.5",
        "@smithy/protocol-http": "^2.0.5",
        "@smithy/smithy-client": "^2.0.5",
        "@smithy/types": "^2.2.2",
        "@smithy/url-parser": "^2.0.5",
        "@smithy/util-base64": "^2.0.0",
        "@smithy/util-body-length-browser": "^2.0.0",
        "@smithy/util-body-length-node": "^2.1.0",
        "@smithy/util-defaults-mode-browser": "^2.0.5",
        "@smithy/util-defaults-mode-node": "^2.0.5",
        "@smithy/util-retry": "^2.0.0",
        "@smithy/util-utf8": "^2.0.0",
        "fast-xml-parser": "4.2.5",
        "tslib": "^2.5.0"
      },
      "engines": {
        "node": ">=14.0.0"
      }
    },
    "node_modules/@aws-sdk/credential-provider-env": {
      "version": "3.398.0",
      "license": "Apache-2.0",
      "dependencies": {
        "@aws-sdk/types": "3.398.0",
        "@smithy/property-provider": "^2.0.0",
        "@smithy/types": "^2.2.2",
        "tslib": "^2.5.0"
      },
      "engines": {
        "node": ">=14.0.0"
      }
    },
    "node_modules/@aws-sdk/credential-provider-ini": {
      "version": "3.398.0",
      "license": "Apache-2.0",
      "dependencies": {
        "@aws-sdk/credential-provider-env": "3.398.0",
        "@aws-sdk/credential-provider-process": "3.398.0",
        "@aws-sdk/credential-provider-sso": "3.398.0",
        "@aws-sdk/credential-provider-web-identity": "3.398.0",
        "@aws-sdk/types": "3.398.0",
        "@smithy/credential-provider-imds": "^2.0.0",
        "@smithy/property-provider": "^2.0.0",
        "@smithy/shared-ini-file-loader": "^2.0.0",
        "@smithy/types": "^2.2.2",
        "tslib": "^2.5.0"
      },
      "engines": {
        "node": ">=14.0.0"
      }
    },
    "node_modules/@aws-sdk/credential-provider-node": {
      "version": "3.398.0",
      "license": "Apache-2.0",
      "dependencies": {
        "@aws-sdk/credential-provider-env": "3.398.0",
        "@aws-sdk/credential-provider-ini": "3.398.0",
        "@aws-sdk/credential-provider-process": "3.398.0",
        "@aws-sdk/credential-provider-sso": "3.398.0",
        "@aws-sdk/credential-provider-web-identity": "3.398.0",
        "@aws-sdk/types": "3.398.0",
        "@smithy/credential-provider-imds": "^2.0.0",
        "@smithy/property-provider": "^2.0.0",
        "@smithy/shared-ini-file-loader": "^2.0.0",
        "@smithy/types": "^2.2.2",
        "tslib": "^2.5.0"
      },
      "engines": {
        "node": ">=14.0.0"
      }
    },
    "node_modules/@aws-sdk/credential-provider-process": {
      "version": "3.398.0",
      "license": "Apache-2.0",
      "dependencies": {
        "@aws-sdk/types": "3.398.0",
        "@smithy/property-provider": "^2.0.0",
        "@smithy/shared-ini-file-loader": "^2.0.0",
        "@smithy/types": "^2.2.2",
        "tslib": "^2.5.0"
      },
      "engines": {
        "node": ">=14.0.0"
      }
    },
    "node_modules/@aws-sdk/credential-provider-sso": {
      "version": "3.398.0",
      "license": "Apache-2.0",
      "dependencies": {
        "@aws-sdk/client-sso": "3.398.0",
        "@aws-sdk/token-providers": "3.398.0",
        "@aws-sdk/types": "3.398.0",
        "@smithy/property-provider": "^2.0.0",
        "@smithy/shared-ini-file-loader": "^2.0.0",
        "@smithy/types": "^2.2.2",
        "tslib": "^2.5.0"
      },
      "engines": {
        "node": ">=14.0.0"
      }
    },
    "node_modules/@aws-sdk/credential-provider-web-identity": {
      "version": "3.398.0",
      "license": "Apache-2.0",
      "dependencies": {
        "@aws-sdk/types": "3.398.0",
        "@smithy/property-provider": "^2.0.0",
        "@smithy/types": "^2.2.2",
        "tslib": "^2.5.0"
      },
      "engines": {
        "node": ">=14.0.0"
      }
    },
    "node_modules/@aws-sdk/endpoint-cache": {
      "version": "3.310.0",
      "resolved": "https://registry.npmjs.org/@aws-sdk/endpoint-cache/-/endpoint-cache-3.310.0.tgz",
      "integrity": "sha512-y3wipforet41EDTI0vnzxILqwAGll1KfI5qcdX9pXF/WF1f+3frcOtPiWtQEZQpy4czRogKm3BHo70QBYAZxlQ==",
      "dependencies": {
        "mnemonist": "0.38.3",
        "tslib": "^2.5.0"
      },
      "engines": {
        "node": ">=14.0.0"
      }
    },
    "node_modules/@aws-sdk/middleware-endpoint-discovery": {
      "version": "3.398.0",
      "resolved": "https://registry.npmjs.org/@aws-sdk/middleware-endpoint-discovery/-/middleware-endpoint-discovery-3.398.0.tgz",
      "integrity": "sha512-Gf5HPhgCbTwPkoYlp50DnQRATljaTW3S9og7E+PrIIXdsTPGeZrlVFausreFhTXy3UOVP/3iGG3ajBQl84yNtw==",
      "dependencies": {
        "@aws-sdk/endpoint-cache": "3.310.0",
        "@aws-sdk/types": "3.398.0",
        "@smithy/protocol-http": "^2.0.5",
        "@smithy/types": "^2.2.2",
        "tslib": "^2.5.0"
      },
      "engines": {
        "node": ">=14.0.0"
      }
    },
    "node_modules/@aws-sdk/middleware-host-header": {
      "version": "3.398.0",
      "license": "Apache-2.0",
      "dependencies": {
        "@aws-sdk/types": "3.398.0",
        "@smithy/protocol-http": "^2.0.5",
        "@smithy/types": "^2.2.2",
        "tslib": "^2.5.0"
      },
      "engines": {
        "node": ">=14.0.0"
      }
    },
    "node_modules/@aws-sdk/middleware-logger": {
      "version": "3.398.0",
      "license": "Apache-2.0",
      "dependencies": {
        "@aws-sdk/types": "3.398.0",
        "@smithy/types": "^2.2.2",
        "tslib": "^2.5.0"
      },
      "engines": {
        "node": ">=14.0.0"
      }
    },
    "node_modules/@aws-sdk/middleware-recursion-detection": {},
    "node_modules/@aws-sdk/middleware-sdk-sts": {
      "version": "3.398.0",
      "license": "Apache-2.0",
      "dependencies": {
        "@aws-sdk/middleware-signing": "3.398.0",
        "@aws-sdk/types": "3.398.0",
        "@smithy/types": "^2.2.2",
        "tslib": "^2.5.0"
      },
      "engines": {
        "node": ">=14.0.0"
      }
    },
    "node_modules/@aws-sdk/middleware-signing": {
      "version": "3.398.0",
      "license": "Apache-2.0",
      "dependencies": {
        "@aws-sdk/types": "3.398.0",
        "@smithy/property-provider": "^2.0.0",
        "@smithy/protocol-http": "^2.0.5",
        "@smithy/signature-v4": "^2.0.0",
        "@smithy/types": "^2.2.2",
        "@smithy/util-middleware": "^2.0.0",
        "tslib": "^2.5.0"
      },
      "engines": {
        "node": ">=14.0.0"
      }
    },
    "node_modules/@aws-sdk/middleware-user-agent": {
      "version": "3.398.0",
      "license": "Apache-2.0",
      "dependencies": {
        "@aws-sdk/types": "3.398.0",
        "@aws-sdk/util-endpoints": "3.398.0",
        "@smithy/protocol-http": "^2.0.5",
        "@smithy/types": "^2.2.2",
        "tslib": "^2.5.0"
      },
      "engines": {
        "node": ">=14.0.0"
      }
    },
    "node_modules/@aws-sdk/token-providers": {
      "version": "3.398.0",
      "license": "Apache-2.0",
      "dependencies": {
        "@aws-crypto/sha256-browser": "3.0.0",
        "@aws-crypto/sha256-js": "3.0.0",
        "@aws-sdk/middleware-host-header": "3.398.0",
        "@aws-sdk/middleware-logger": "3.398.0",
        "@aws-sdk/middleware-recursion-detection": "3.398.0",
        "@aws-sdk/middleware-user-agent": "3.398.0",
        "@aws-sdk/types": "3.398.0",
        "@aws-sdk/util-endpoints": "3.398.0",
        "@aws-sdk/util-user-agent-browser": "3.398.0",
        "@aws-sdk/util-user-agent-node": "3.398.0",
        "@smithy/config-resolver": "^2.0.5",
        "@smithy/fetch-http-handler": "^2.0.5",
        "@smithy/hash-node": "^2.0.5",
        "@smithy/invalid-dependency": "^2.0.5",
        "@smithy/middleware-content-length": "^2.0.5",
        "@smithy/middleware-endpoint": "^2.0.5",
        "@smithy/middleware-retry": "^2.0.5",
        "@smithy/middleware-serde": "^2.0.5",
        "@smithy/middleware-stack": "^2.0.0",
        "@smithy/node-config-provider": "^2.0.5",
        "@smithy/node-http-handler": "^2.0.5",
        "@smithy/property-provider": "^2.0.0",
        "@smithy/protocol-http": "^2.0.5",
        "@smithy/shared-ini-file-loader": "^2.0.0",
        "@smithy/smithy-client": "^2.0.5",
        "@smithy/types": "^2.2.2",
        "@smithy/url-parser": "^2.0.5",
        "@smithy/util-base64": "^2.0.0",
        "@smithy/util-body-length-browser": "^2.0.0",
        "@smithy/util-body-length-node": "^2.1.0",
        "@smithy/util-defaults-mode-browser": "^2.0.5",
        "@smithy/util-defaults-mode-node": "^2.0.5",
        "@smithy/util-retry": "^2.0.0",
        "@smithy/util-utf8": "^2.0.0",
        "tslib": "^2.5.0"
      },
      "engines": {
        "node": ">=14.0.0"
      }
    },
    "node_modules/@aws-sdk/types": {
      "version": "3.398.0",
      "license": "Apache-2.0",
      "dependencies": {
        "@smithy/types": "^2.2.2",
        "tslib": "^2.5.0"
      },
      "engines": {
        "node": ">=14.0.0"
      }
    },
    "node_modules/@aws-sdk/util-endpoints": {},
    "node_modules/@aws-sdk/util-locate-window": {
      "version": "3.310.0",
      "license": "Apache-2.0",
      "dependencies": {
        "tslib": "^2.5.0"
      },
      "engines": {
        "node": ">=14.0.0"
      }
    },
    "node_modules/@aws-sdk/util-user-agent-browser": {
      "version": "3.398.0",
      "license": "Apache-2.0",
      "dependencies": {
        "@aws-sdk/types": "3.398.0",
        "@smithy/types": "^2.2.2",
        "bowser": "^2.11.0",
        "tslib": "^2.5.0"
      }
    },
    "node_modules/@aws-sdk/util-user-agent-node": {
      "version": "3.398.0",
      "license": "Apache-2.0",
      "dependencies": {
        "@aws-sdk/types": "3.398.0",
        "@smithy/node-config-provider": "^2.0.5",
        "@smithy/types": "^2.2.2",
        "tslib": "^2.5.0"
      },
      "engines": {
        "node": ">=14.0.0"
      },
      "peerDependencies": {
        "aws-crt": ">=1.0.0"
      },
      "peerDependenciesMeta": {
        "aws-crt": {
          "optional": true
        }
      }
    },
    "node_modules/@aws-sdk/util-utf8-browser": {
      "version": "3.259.0",
      "license": "Apache-2.0",
      "dependencies": {
        "tslib": "^2.3.1"
      }
    },
    "node_modules/@smithy/abort-controller": {
      "version": "2.0.5",
      "license": "Apache-2.0",
      "dependencies": {
        "@smithy/types": "^2.2.2",
        "tslib": "^2.5.0"
      },
      "engines": {
        "node": ">=14.0.0"
      }
    },
    "node_modules/@smithy/config-resolver": {},
    "node_modules/@smithy/credential-provider-imds": {
      "version": "2.0.5",
      "license": "Apache-2.0",
      "dependencies": {
        "@smithy/node-config-provider": "^2.0.5",
        "@smithy/property-provider": "^2.0.5",
        "@smithy/types": "^2.2.2",
        "@smithy/url-parser": "^2.0.5",
        "tslib": "^2.5.0"
      },
      "engines": {
        "node": ">=14.0.0"
      }
    },
    "node_modules/@smithy/eventstream-codec": {
      "version": "2.0.5",
      "license": "Apache-2.0",
      "dependencies": {
        "@aws-crypto/crc32": "3.0.0",
        "@smithy/types": "^2.2.2",
        "@smithy/util-hex-encoding": "^2.0.0",
        "tslib": "^2.5.0"
      }
    },
    "node_modules/@smithy/fetch-http-handler": {
      "version": "2.0.5",
      "license": "Apache-2.0",
      "dependencies": {
        "@smithy/protocol-http": "^2.0.5",
        "@smithy/querystring-builder": "^2.0.5",
        "@smithy/types": "^2.2.2",
        "@smithy/util-base64": "^2.0.0",
        "tslib": "^2.5.0"
      }
    },
    "node_modules/@smithy/hash-node": {
      "version": "2.0.5",
      "license": "Apache-2.0",
      "dependencies": {
        "@smithy/types": "^2.2.2",
        "@smithy/util-buffer-from": "^2.0.0",
        "@smithy/util-utf8": "^2.0.0",
        "tslib": "^2.5.0"
      },
      "engines": {
        "node": ">=14.0.0"
      }
    },
    "node_modules/@smithy/invalid-dependency": {
      "version": "2.0.5",
      "license": "Apache-2.0",
      "dependencies": {
        "@smithy/types": "^2.2.2",
        "tslib": "^2.5.0"
      }
    },
    "node_modules/@smithy/is-array-buffer": {
      "version": "2.0.0",
      "license": "Apache-2.0",
      "dependencies": {
        "tslib": "^2.5.0"
      },
      "engines": {
        "node": ">=14.0.0"
      }
    },
    "node_modules/@smithy/middleware-content-length": {
      "version": "2.0.5",
      "license": "Apache-2.0",
      "dependencies": {
        "@smithy/protocol-http": "^2.0.5",
        "@smithy/types": "^2.2.2",
        "tslib": "^2.5.0"
      },
      "engines": {
        "node": ">=14.0.0"
      }
    },
    "node_modules/@smithy/middleware-endpoint": {
      "version": "2.0.5",
      "license": "Apache-2.0",
      "dependencies": {
        "@smithy/middleware-serde": "^2.0.5",
        "@smithy/types": "^2.2.2",
        "@smithy/url-parser": "^2.0.5",
        "@smithy/util-middleware": "^2.0.0",
        "tslib": "^2.5.0"
      },
      "engines": {
        "node": ">=14.0.0"
      }
    },
    "node_modules/@smithy/middleware-retry": {
      "version": "2.0.5",
      "license": "Apache-2.0",
      "dependencies": {
        "@smithy/protocol-http": "^2.0.5",
        "@smithy/service-error-classification": "^2.0.0",
        "@smithy/types": "^2.2.2",
        "@smithy/util-middleware": "^2.0.0",
        "@smithy/util-retry": "^2.0.0",
        "tslib": "^2.5.0",
        "uuid": "^8.3.2"
      },
      "engines": {
        "node": ">=14.0.0"
      }
    },
    "node_modules/@smithy/middleware-serde": {
      "version": "2.0.5",
      "license": "Apache-2.0",
      "dependencies": {
        "@smithy/types": "^2.2.2",
        "tslib": "^2.5.0"
      },
      "engines": {
        "node": ">=14.0.0"
      }
    },
    "node_modules/@smithy/middleware-stack": {
      "version": "2.0.0",
      "license": "Apache-2.0",
      "dependencies": {
        "tslib": "^2.5.0"
      },
      "engines": {
        "node": ">=14.0.0"
      }
    },
    "node_modules/@smithy/node-config-provider": {
      "version": "2.0.5",
      "license": "Apache-2.0",
      "dependencies": {
        "@smithy/property-provider": "^2.0.5",
        "@smithy/shared-ini-file-loader": "^2.0.5",
        "@smithy/types": "^2.2.2",
        "tslib": "^2.5.0"
      },
      "engines": {
        "node": ">=14.0.0"
      }
    },
    "node_modules/@smithy/node-http-handler": {
      "version": "2.0.5",
      "license": "Apache-2.0",
      "dependencies": {
        "@smithy/abort-controller": "^2.0.5",
        "@smithy/protocol-http": "^2.0.5",
        "@smithy/querystring-builder": "^2.0.5",
        "@smithy/types": "^2.2.2",
        "tslib": "^2.5.0"
      },
      "engines": {
        "node": ">=14.0.0"
      }
    },
    "node_modules/@smithy/property-provider": {
      "version": "2.0.5",
      "license": "Apache-2.0",
      "dependencies": {
        "@smithy/types": "^2.2.2",
        "tslib": "^2.5.0"
      },
      "engines": {
        "node": ">=14.0.0"
      }
    },
    "node_modules/@smithy/protocol-http": {
      "version": "2.0.5",
      "license": "Apache-2.0",
      "dependencies": {
        "@smithy/types": "^2.2.2",
        "tslib": "^2.5.0"
      },
      "engines": {
        "node": ">=14.0.0"
      }
    },
    "node_modules/@smithy/querystring-builder": {
      "version": "2.0.5",
      "license": "Apache-2.0",
      "dependencies": {
        "@smithy/types": "^2.2.2",
        "@smithy/util-uri-escape": "^2.0.0",
        "tslib": "^2.5.0"
      },
      "engines": {
        "node": ">=14.0.0"
      }
    },
    "node_modules/@smithy/querystring-parser": {
      "version": "2.0.5",
      "license": "Apache-2.0",
      "dependencies": {
        "@smithy/types": "^2.2.2",
        "tslib": "^2.5.0"
      },
      "engines": {
        "node": ">=14.0.0"
      }
    },
    "node_modules/@smithy/service-error-classification": {
      "version": "2.0.0",
      "license": "Apache-2.0",
      "engines": {
        "node": ">=14.0.0"
      }
    },
    "node_modules/@smithy/shared-ini-file-loader": {
      "version": "2.0.5",
      "license": "Apache-2.0",
      "dependencies": {
        "@smithy/types": "^2.2.2",
        "tslib": "^2.5.0"
      },
      "engines": {
        "node": ">=14.0.0"
      }
    },
    "node_modules/@smithy/signature-v4": {
      "version": "2.0.5",
      "license": "Apache-2.0",
      "dependencies": {
        "@smithy/eventstream-codec": "^2.0.5",
        "@smithy/is-array-buffer": "^2.0.0",
        "@smithy/types": "^2.2.2",
        "@smithy/util-hex-encoding": "^2.0.0",
        "@smithy/util-middleware": "^2.0.0",
        "@smithy/util-uri-escape": "^2.0.0",
        "@smithy/util-utf8": "^2.0.0",
        "tslib": "^2.5.0"
      },
      "engines": {
        "node": ">=14.0.0"
      }
    },
    "node_modules/@smithy/smithy-client": {
      "version": "2.0.5",
      "license": "Apache-2.0",
      "dependencies": {
        "@smithy/middleware-stack": "^2.0.0",
        "@smithy/types": "^2.2.2",
        "@smithy/util-stream": "^2.0.5",
        "tslib": "^2.5.0"
      },
      "engines": {
        "node": ">=14.0.0"
      }
    },
    "node_modules/@smithy/types": {
      "version": "2.2.2",
      "license": "Apache-2.0",
      "dependencies": {
        "tslib": "^2.5.0"
      },
      "engines": {
        "node": ">=14.0.0"
      }
    },
    "node_modules/@smithy/url-parser": {
      "version": "2.0.5",
      "license": "Apache-2.0",
      "dependencies": {
        "@smithy/querystring-parser": "^2.0.5",
        "@smithy/types": "^2.2.2",
        "tslib": "^2.5.0"
      }
    },
    "node_modules/@smithy/util-base64": {
      "version": "2.0.0",
      "license": "Apache-2.0",
      "dependencies": {
        "@smithy/util-buffer-from": "^2.0.0",
        "tslib": "^2.5.0"
      },
      "engines": {
        "node": ">=14.0.0"
      }
    },
    "node_modules/@smithy/util-body-length-browser": {
      "version": "2.0.0",
      "license": "Apache-2.0",
      "dependencies": {
        "tslib": "^2.5.0"
      }
    },
    "node_modules/@smithy/util-body-length-node": {
      "version": "2.1.0",
      "license": "Apache-2.0",
      "dependencies": {
        "tslib": "^2.5.0"
      },
      "engines": {
        "node": ">=14.0.0"
      }
    },
    "node_modules/@smithy/util-buffer-from": {
      "version": "2.0.0",
      "license": "Apache-2.0",
      "dependencies": {
        "@smithy/is-array-buffer": "^2.0.0",
        "tslib": "^2.5.0"
      },
      "engines": {
        "node": ">=14.0.0"
      }
    },
    "node_modules/@smithy/util-config-provider": {
      "version": "2.0.0",
      "license": "Apache-2.0",
      "dependencies": {
        "tslib": "^2.5.0"
      },
      "engines": {
        "node": ">=14.0.0"
      }
    },
    "node_modules/@smithy/util-defaults-mode-browser": {
      "version": "2.0.5",
      "license": "Apache-2.0",
      "dependencies": {
        "@smithy/property-provider": "^2.0.5",
        "@smithy/types": "^2.2.2",
        "bowser": "^2.11.0",
        "tslib": "^2.5.0"
      },
      "engines": {
        "node": ">= 10.0.0"
      }
    },
    "node_modules/@smithy/util-defaults-mode-node": {
      "version": "2.0.5",
      "license": "Apache-2.0",
      "dependencies": {
        "@smithy/config-resolver": "^2.0.5",
        "@smithy/credential-provider-imds": "^2.0.5",
        "@smithy/node-config-provider": "^2.0.5",
        "@smithy/property-provider": "^2.0.5",
        "@smithy/types": "^2.2.2",
        "tslib": "^2.5.0"
      },
      "engines": {
        "node": ">= 10.0.0"
      }
    },
    "node_modules/@smithy/util-hex-encoding": {
      "version": "2.0.0",
      "license": "Apache-2.0",
      "dependencies": {
        "tslib": "^2.5.0"
      },
      "engines": {
        "node": ">=14.0.0"
      }
    },
    "node_modules/@smithy/util-middleware": {
      "version": "2.0.0",
      "license": "Apache-2.0",
      "dependencies": {
        "tslib": "^2.5.0"
      },
      "engines": {
        "node": ">=14.0.0"
      }
    },
    "node_modules/@smithy/util-retry": {
      "version": "2.0.0",
      "license": "Apache-2.0",
      "dependencies": {
        "@smithy/service-error-classification": "^2.0.0",
        "tslib": "^2.5.0"
      },
      "engines": {
        "node": ">= 14.0.0"
      }
    },
    "node_modules/@smithy/util-stream": {
      "version": "2.0.5",
      "license": "Apache-2.0",
      "dependencies": {
        "@smithy/fetch-http-handler": "^2.0.5",
        "@smithy/node-http-handler": "^2.0.5",
        "@smithy/types": "^2.2.2",
        "@smithy/util-base64": "^2.0.0",
        "@smithy/util-buffer-from": "^2.0.0",
        "@smithy/util-hex-encoding": "^2.0.0",
        "@smithy/util-utf8": "^2.0.0",
        "tslib": "^2.5.0"
      },
      "engines": {
        "node": ">=14.0.0"
      }
    },
    "node_modules/@smithy/util-uri-escape": {
      "version": "2.0.0",
      "license": "Apache-2.0",
      "dependencies": {
        "tslib": "^2.5.0"
      },
      "engines": {
        "node": ">=14.0.0"
      }
    },
    "node_modules/@smithy/util-utf8": {
      "version": "2.0.0",
      "license": "Apache-2.0",
      "dependencies": {
        "@smithy/util-buffer-from": "^2.0.0",
        "tslib": "^2.5.0"
      },
      "engines": {
        "node": ">=14.0.0"
      }
    },
    "node_modules/@smithy/util-waiter": {
      "version": "2.0.5",
      "license": "Apache-2.0",
      "dependencies": {
        "@smithy/abort-controller": "^2.0.5",
        "@smithy/types": "^2.2.2",
        "tslib": "^2.5.0"
      },
      "engines": {
        "node": ">=14.0.0"
      }
    },
    "node_modules/bowser": {
      "version": "2.11.0",
      "license": "MIT"
    },
    "node_modules/fast-xml-parser": {
      "version": "4.2.5",
      "funding": [
        {
          "type": "paypal",
          "url": "https://paypal.me/naturalintelligence"
        },
        {
          "type": "github",
          "url": "https://github.com/sponsors/NaturalIntelligence"
        }
      ],
      "license": "MIT",
      "dependencies": {
        "strnum": "^1.0.5"
      },
      "bin": {
        "fxparser": "src/cli/cli.js"
      }
    },
    "node_modules/mnemonist": {
      "version": "0.38.3",
      "resolved": "https://registry.npmjs.org/mnemonist/-/mnemonist-0.38.3.tgz",
      "integrity": "sha512-2K9QYubXx/NAjv4VLq1d1Ly8pWNC5L3BrixtdkyTegXWJIqY+zLNDhhX/A+ZwWt70tB1S8H4BE8FLYEFyNoOBw==",
      "dependencies": {
        "obliterator": "^1.6.1"
      }
    },
    "node_modules/obliterator": {
      "version": "1.6.1",
      "resolved": "https://registry.npmjs.org/obliterator/-/obliterator-1.6.1.tgz",
      "integrity": "sha512-9WXswnqINnnhOG/5SLimUlzuU1hFJUc8zkwyD59Sd+dPOMf05PmnYG/d6Q7HZ+KmgkZJa1PxRso6QdM3sTNHig=="
    },
    "node_modules/strnum": {
      "version": "1.0.5",
      "license": "MIT"
    },
    "node_modules/tslib": {
      "version": "2.6.2",
      "license": "0BSD"
    },
    "node_modules/uuid": {
      "version": "8.3.2",
      "license": "MIT",
      "bin": {
        "uuid": "dist/bin/uuid"
      }
    }
  }
}
